// !$*UTF8*$!
{
	archiveVersion = 1;
	classes = {
	};
	objectVersion = 56;
	objects = {

/* Begin PBXBuildFile section */
		UC0200000000000000000001 /* UnicornsApp.swift in Sources */ = {isa = PBXBuildFile; fileRef = UC0100000000000000000001 /* UnicornsApp.swift */; };
		UC0200000000000000000002 /* ContentView.swift in Sources */ = {isa = PBXBuildFile; fileRef = UC0100000000000000000002 /* ContentView.swift */; };
		UC0200000000000000000003 /* PushNotificationManager.swift in Sources */ = {isa = PBXBuildFile; fileRef = UC0100000000000000000003 /* PushNotificationManager.swift */; };
		UC0200000000000000000004 /* AppDelegate.swift in Sources */ = {isa = PBXBuildFile; fileRef = UC0100000000000000000004 /* AppDelegate.swift */; };
		UC0200000000000000000005 /* Assets.xcassets in Resources */ = {isa = PBXBuildFile; fileRef = UC0100000000000000000006 /* Assets.xcassets */; };
		5813D8516BBFEFB18E07C0A4 /* LocationManager.swift in Sources */ = {isa = PBXBuildFile; fileRef = 904F8C56364C9B4459A222E5 /* LocationManager.swift */; };
		05BD6C51E482E6AE2D1B5CF1 /* CatchModels.swift in Sources */ = {isa = PBXBuildFile; fileRef = 1073502758C475D0957AB3C5 /* CatchModels.swift */; };
		B4B7200955DDC88187BBEFC7 /* CatchStorageManager.swift in Sources */ = {isa = PBXBuildFile; fileRef = 183C057141AF0F13911F7C9C /* CatchStorageManager.swift */; };
		A077338EA029C570953DE582 /* SpawnManager.swift in Sources */ = {isa = PBXBuildFile; fileRef = 3B36D7CCF880B6149E1FB47A /* SpawnManager.swift */; };
		0E4A23D8A0A662CBE183B3AF /* CatchEncounterView.swift in Sources */ = {isa = PBXBuildFile; fileRef = 796F4407DE368B65C6566CF0 /* CatchEncounterView.swift */; };
		49260031B4694A25ED664111 /* CatchResultView.swift in Sources */ = {isa = PBXBuildFile; fileRef = A1353288D845022F1A3DF09F /* CatchResultView.swift */; };
		C630593522704C6769137160 /* ExploreMapView.swift in Sources */ = {isa = PBXBuildFile; fileRef = D8A96DB1A105CD4BCCD68950 /* ExploreMapView.swift */; };
/* End PBXBuildFile section */

/* Begin PBXFileReference section */
		UC0100000000000000000001 /* UnicornsApp.swift */ = {isa = PBXFileReference; lastKnownFileType = sourcecode.swift; path = UnicornsApp.swift; sourceTree = "<group>"; };
		UC0100000000000000000002 /* ContentView.swift */ = {isa = PBXFileReference; lastKnownFileType = sourcecode.swift; path = ContentView.swift; sourceTree = "<group>"; };
		UC0100000000000000000003 /* PushNotificationManager.swift */ = {isa = PBXFileReference; lastKnownFileType = sourcecode.swift; path = PushNotificationManager.swift; sourceTree = "<group>"; };
		UC0100000000000000000004 /* AppDelegate.swift */ = {isa = PBXFileReference; lastKnownFileType = sourcecode.swift; path = AppDelegate.swift; sourceTree = "<group>"; };
		UC0100000000000000000005 /* Info.plist */ = {isa = PBXFileReference; lastKnownFileType = text.plist.xml; path = Info.plist; sourceTree = "<group>"; };
		UC0100000000000000000006 /* Assets.xcassets */ = {isa = PBXFileReference; lastKnownFileType = folder.assetcatalog; path = Assets.xcassets; sourceTree = "<group>"; };
		UC0400000000000000000001 /* Unicorns.app */ = {isa = PBXFileReference; explicitFileType = wrapper.application; includeInIndex = 0; path = Unicorns.app; sourceTree = BUILT_PRODUCTS_DIR; };
		904F8C56364C9B4459A222E5 /* LocationManager.swift */ = {isa = PBXFileReference; lastKnownFileType = sourcecode.swift; path = LocationManager.swift; sourceTree = "<group>"; };
		1073502758C475D0957AB3C5 /* CatchModels.swift */ = {isa = PBXFileReference; lastKnownFileType = sourcecode.swift; path = CatchModels.swift; sourceTree = "<group>"; };
		183C057141AF0F13911F7C9C /* CatchStorageManager.swift */ = {isa = PBXFileReference; lastKnownFileType = sourcecode.swift; path = CatchStorageManager.swift; sourceTree = "<group>"; };
		3B36D7CCF880B6149E1FB47A /* SpawnManager.swift */ = {isa = PBXFileReference; lastKnownFileType = sourcecode.swift; path = SpawnManager.swift; sourceTree = "<group>"; };
		796F4407DE368B65C6566CF0 /* CatchEncounterView.swift */ = {isa = PBXFileReference; lastKnownFileType = sourcecode.swift; path = CatchEncounterView.swift; sourceTree = "<group>"; };
		A1353288D845022F1A3DF09F /* CatchResultView.swift */ = {isa = PBXFileReference; lastKnownFileType = sourcecode.swift; path = CatchResultView.swift; sourceTree = "<group>"; };
		D8A96DB1A105CD4BCCD68950 /* ExploreMapView.swift */ = {isa = PBXFileReference; lastKnownFileType = sourcecode.swift; path = ExploreMapView.swift; sourceTree = "<group>"; };
/* End PBXFileReference section */

/* Begin PBXFrameworksBuildPhase section */
		UC0500000000000000000002 /* Frameworks */ = {
			isa = PBXFrameworksBuildPhase;
			buildActionMask = 2147483647;
			files = (
			);
			runOnlyForDeploymentPostprocessing = 0;
		};
/* End PBXFrameworksBuildPhase section */

/* Begin PBXGroup section */
		UC0300000000000000000001 = {
			isa = PBXGroup;
			children = (
				UC0300000000000000000002 /* Unicorns */,
				UC0300000000000000000009 /* Products */,
			);
			sourceTree = "<group>";
		};
		UC0300000000000000000002 /* Unicorns */ = {
			isa = PBXGroup;
			children = (
				E87C22E05B457118AAE5150E /* Catch */,
				082E58829783612ED74B3828 /* Services */,
				D629959A62213B861527D538 /* Models */,
				A775A60BE6AF6BA9B9CA5437 /* Location */,
				UC0300000000000000000003 /* App */,
				UC0100000000000000000002 /* ContentView.swift */,
				UC0300000000000000000004 /* Core */,
				UC0300000000000000000006 /* Resources */,
			);
			path = Unicorns;
			sourceTree = "<group>";
		};
		UC0300000000000000000003 /* App */ = {
			isa = PBXGroup;
			children = (
				UC0100000000000000000001 /* UnicornsApp.swift */,
			);
			path = App;
			sourceTree = "<group>";
		};
		UC0300000000000000000004 /* Core */ = {
			isa = PBXGroup;
			children = (
				UC0300000000000000000005 /* Notifications */,
			);
			path = Core;
			sourceTree = "<group>";
		};
		UC0300000000000000000005 /* Notifications */ = {
			isa = PBXGroup;
			children = (
				UC0100000000000000000003 /* PushNotificationManager.swift */,
				UC0100000000000000000004 /* AppDelegate.swift */,
			);
			path = Notifications;
			sourceTree = "<group>";
		};
		UC0300000000000000000006 /* Resources */ = {
			isa = PBXGroup;
			children = (
				UC0100000000000000000005 /* Info.plist */,
				UC0100000000000000000006 /* Assets.xcassets */,
			);
			path = Resources;
			sourceTree = "<group>";
		};
		UC0300000000000000000009 /* Products */ = {
			isa = PBXGroup;
			children = (
				UC0400000000000000000001 /* Unicorns.app */,
			);
			name = Products;
			sourceTree = "<group>";
		};
		A775A60BE6AF6BA9B9CA5437 /* Location */ = {
			isa = PBXGroup;
			children = (
				904F8C56364C9B4459A222E5 /* LocationManager.swift */,
			);
			path = Location;
			sourceTree = "<group>";
		};
		D629959A62213B861527D538 /* Models */ = {
			isa = PBXGroup;
			children = (
				1073502758C475D0957AB3C5 /* CatchModels.swift */,
			);
			path = Models;
			sourceTree = "<group>";
		};
		082E58829783612ED74B3828 /* Services */ = {
			isa = PBXGroup;
			children = (
				3B36D7CCF880B6149E1FB47A /* SpawnManager.swift */,
				183C057141AF0F13911F7C9C /* CatchStorageManager.swift */,
			);
			path = Services;
			sourceTree = "<group>";
		};
		E87C22E05B457118AAE5150E /* Catch */ = {
			isa = PBXGroup;
			children = (
				D8A96DB1A105CD4BCCD68950 /* ExploreMapView.swift */,
				A1353288D845022F1A3DF09F /* CatchResultView.swift */,
				796F4407DE368B65C6566CF0 /* CatchEncounterView.swift */,
			);
			path = Catch;
			sourceTree = "<group>";
		};
/* End PBXGroup section */

/* Begin PBXNativeTarget section */
		UC0600000000000000000001 /* Unicorns */ = {
			isa = PBXNativeTarget;
			buildConfigurationList = UC0800000000000000000002 /* Build configuration list for PBXNativeTarget "Unicorns" */;
			buildPhases = (
				UC0500000000000000000001 /* Sources */,
				UC0500000000000000000002 /* Frameworks */,
				UC0500000000000000000003 /* Resources */,
			);
			buildRules = (
			);
			dependencies = (
			);
			name = Unicorns;
			productName = Unicorns;
			productReference = UC0400000000000000000001 /* Unicorns.app */;
			productType = "com.apple.product-type.application";
		};
/* End PBXNativeTarget section */

/* Begin PBXProject section */
		UC0700000000000000000001 /* Project object */ = {
			isa = PBXProject;
			attributes = {
				BuildIndependentTargetsInParallel = 1;
				LastSwiftUpdateCheck = 1540;
				LastUpgradeCheck = 1540;
				TargetAttributes = {
					UC0600000000000000000001 = {
						CreatedOnToolsVersion = 15.4;
					};
				};
			};
			buildConfigurationList = UC0800000000000000000001 /* Build configuration list for PBXProject "Unicorns" */;
			compatibilityVersion = "Xcode 14.0";
			developmentRegion = en;
			hasScannedForEncodings = 0;
			knownRegions = (
				en,
				Base,
			);
			mainGroup = UC0300000000000000000001;
			productRefGroup = UC0300000000000000000009 /* Products */;
			projectDirPath = "";
			projectRoot = "";
			targets = (
				UC0600000000000000000001 /* Unicorns */,
			);
		};
/* End PBXProject section */

/* Begin PBXResourcesBuildPhase section */
		UC0500000000000000000003 /* Resources */ = {
			isa = PBXResourcesBuildPhase;
			buildActionMask = 2147483647;
			files = (
				UC0200000000000000000005 /* Assets.xcassets in Resources */,
			);
			runOnlyForDeploymentPostprocessing = 0;
		};
/* End PBXResourcesBuildPhase section */

/* Begin PBXSourcesBuildPhase section */
		UC0500000000000000000001 /* Sources */ = {
			isa = PBXSourcesBuildPhase;
			buildActionMask = 2147483647;
			files = (
				C630593522704C6769137160 /* ExploreMapView.swift in Sources */,
				49260031B4694A25ED664111 /* CatchResultView.swift in Sources */,
				0E4A23D8A0A662CBE183B3AF /* CatchEncounterView.swift in Sources */,
				A077338EA029C570953DE582 /* SpawnManager.swift in Sources */,
				B4B7200955DDC88187BBEFC7 /* CatchStorageManager.swift in Sources */,
				05BD6C51E482E6AE2D1B5CF1 /* CatchModels.swift in Sources */,
				5813D8516BBFEFB18E07C0A4 /* LocationManager.swift in Sources */,
				UC0200000000000000000001 /* UnicornsApp.swift in Sources */,
				UC0200000000000000000002 /* ContentView.swift in Sources */,
				UC0200000000000000000003 /* PushNotificationManager.swift in Sources */,
				UC0200000000000000000004 /* AppDelegate.swift in Sources */,
			);
			runOnlyForDeploymentPostprocessing = 0;
		};
/* End PBXSourcesBuildPhase section */

/* Begin XCBuildConfiguration section */
		UC0900000000000000000001 /* Debug */ = {
			isa = XCBuildConfiguration;
			buildSettings = {
				ALWAYS_SEARCH_USER_PATHS = NO;
				ASSETCATALOG_COMPILER_GENERATE_SWIFT_ASSET_SYMBOL_EXTENSIONS = YES;
				CLANG_ANALYZER_NONNULL = YES;
				CLANG_ANALYZER_NUMBER_OBJECT_CONVERSION = YES_AGGRESSIVE;
				CLANG_CXX_LANGUAGE_STANDARD = "gnu++20";
				CLANG_ENABLE_MODULES = YES;
				CLANG_ENABLE_OBJC_ARC = YES;
				CLANG_ENABLE_OBJC_WEAK = YES;
				CLANG_WARN_BLOCK_CAPTURE_AUTORELEASING = YES;
				CLANG_WARN_BOOL_CONVERSION = YES;
				CLANG_WARN_COMMA = YES;
				CLANG_WARN_CONSTANT_CONVERSION = YES;
				CLANG_WARN_DEPRECATED_OBJC_IMPLEMENTATIONS = YES;
				CLANG_WARN_DIRECT_OBJC_ISA_USAGE = YES_ERROR;
				CLANG_WARN_DOCUMENTATION_COMMENTS = YES;
				CLANG_WARN_EMPTY_BODY = YES;
				CLANG_WARN_ENUM_CONVERSION = YES;
				CLANG_WARN_INFINITE_RECURSION = YES;
				CLANG_WARN_INT_CONVERSION = YES;
				CLANG_WARN_NON_LITERAL_NULL_CONVERSION = YES;
				CLANG_WARN_OBJC_IMPLICIT_RETAIN_SELF = YES;
				CLANG_WARN_OBJC_LITERAL_CONVERSION = YES;
				CLANG_WARN_OBJC_ROOT_CLASS = YES_ERROR;
				CLANG_WARN_QUOTED_INCLUDE_IN_FRAMEWORK_HEADER = YES;
				CLANG_WARN_RANGE_LOOP_ANALYSIS = YES;
				CLANG_WARN_STRICT_PROTOTYPES = YES;
				CLANG_WARN_SUSPICIOUS_MOVE = YES;
				CLANG_WARN_UNGUARDED_AVAILABILITY = YES_AGGRESSIVE;
				CLANG_WARN_UNREACHABLE_CODE = YES;
				CLANG_WARN__DUPLICATE_METHOD_MATCH = YES;
				COPY_PHASE_STRIP = NO;
				DEBUG_INFORMATION_FORMAT = dwarf;
				ENABLE_STRICT_OBJC_MSGSEND = YES;
				ENABLE_TESTABILITY = YES;
				ENABLE_USER_SCRIPT_SANDBOXING = YES;
				GCC_C_LANGUAGE_STANDARD = gnu17;
				GCC_DYNAMIC_NO_PIC = NO;
				GCC_NO_COMMON_BLOCKS = YES;
				GCC_OPTIMIZATION_LEVEL = 0;
				GCC_PREPROCESSOR_DEFINITIONS = (
					"DEBUG=1",
					"$(inherited)",
				);
				GCC_WARN_64_TO_32_BIT_CONVERSION = YES;
				GCC_WARN_ABOUT_RETURN_TYPE = YES_ERROR;
				GCC_WARN_UNDECLARED_SELECTOR = YES;
				GCC_WARN_UNINITIALIZED_AUTOS = YES_AGGRESSIVE;
				GCC_WARN_UNUSED_FUNCTION = YES;
				GCC_WARN_UNUSED_VARIABLE = YES;
				IPHONEOS_DEPLOYMENT_TARGET = 17.0;
				LOCALIZATION_PREFERS_STRING_CATALOGS = YES;
				MTL_ENABLE_DEBUG_INFO = INCLUDE_SOURCE;
				MTL_FAST_MATH = YES;
				ONLY_ACTIVE_ARCH = YES;
				SDKROOT = iphoneos;
				SWIFT_ACTIVE_COMPILATION_CONDITIONS = "DEBUG $(inherited)";
				SWIFT_OPTIMIZATION_LEVEL = "-Onone";
			};
			name = Debug;
		};
		UC0900000000000000000002 /* Release */ = {
			isa = XCBuildConfiguration;
			buildSettings = {
				ALWAYS_SEARCH_USER_PATHS = NO;
				ASSETCATALOG_COMPILER_GENERATE_SWIFT_ASSET_SYMBOL_EXTENSIONS = YES;
				CLANG_ANALYZER_NONNULL = YES;
				CLANG_ANALYZER_NUMBER_OBJECT_CONVERSION = YES_AGGRESSIVE;
				CLANG_CXX_LANGUAGE_STANDARD = "gnu++20";
				CLANG_ENABLE_MODULES = YES;
				CLANG_ENABLE_OBJC_ARC = YES;
				CLANG_ENABLE_OBJC_WEAK = YES;
				CLANG_WARN_BLOCK_CAPTURE_AUTORELEASING = YES;
				CLANG_WARN_BOOL_CONVERSION = YES;
				CLANG_WARN_COMMA = YES;
				CLANG_WARN_CONSTANT_CONVERSION = YES;
				CLANG_WARN_DEPRECATED_OBJC_IMPLEMENTATIONS = YES;
				CLANG_WARN_DIRECT_OBJC_ISA_USAGE = YES_ERROR;
				CLANG_WARN_DOCUMENTATION_COMMENTS = YES;
				CLANG_WARN_EMPTY_BODY = YES;
				CLANG_WARN_ENUM_CONVERSION = YES;
				CLANG_WARN_INFINITE_RECURSION = YES;
				CLANG_WARN_INT_CONVERSION = YES;
				CLANG_WARN_NON_LITERAL_NULL_CONVERSION = YES;
				CLANG_WARN_OBJC_IMPLICIT_RETAIN_SELF = YES;
				CLANG_WARN_OBJC_LITERAL_CONVERSION = YES;
				CLANG_WARN_OBJC_ROOT_CLASS = YES_ERROR;
				CLANG_WARN_QUOTED_INCLUDE_IN_FRAMEWORK_HEADER = YES;
				CLANG_WARN_RANGE_LOOP_ANALYSIS = YES;
				CLANG_WARN_STRICT_PROTOTYPES = YES;
				CLANG_WARN_SUSPICIOUS_MOVE = YES;
				CLANG_WARN_UNGUARDED_AVAILABILITY = YES_AGGRESSIVE;
				CLANG_WARN_UNREACHABLE_CODE = YES;
				CLANG_WARN__DUPLICATE_METHOD_MATCH = YES;
				COPY_PHASE_STRIP = NO;
				DEBUG_INFORMATION_FORMAT = "dwarf-with-dsym";
				ENABLE_NS_ASSERTIONS = NO;
				ENABLE_STRICT_OBJC_MSGSEND = YES;
				ENABLE_USER_SCRIPT_SANDBOXING = YES;
				GCC_C_LANGUAGE_STANDARD = gnu17;
				GCC_NO_COMMON_BLOCKS = YES;
				GCC_WARN_64_TO_32_BIT_CONVERSION = YES;
				GCC_WARN_ABOUT_RETURN_TYPE = YES_ERROR;
				GCC_WARN_UNDECLARED_SELECTOR = YES;
				GCC_WARN_UNINITIALIZED_AUTOS = YES_AGGRESSIVE;
				GCC_WARN_UNUSED_FUNCTION = YES;
				GCC_WARN_UNUSED_VARIABLE = YES;
				IPHONEOS_DEPLOYMENT_TARGET = 17.0;
				LOCALIZATION_PREFERS_STRING_CATALOGS = YES;
				MTL_ENABLE_DEBUG_INFO = NO;
				MTL_FAST_MATH = YES;
				SDKROOT = iphoneos;
				SWIFT_COMPILATION_MODE = wholemodule;
				VALIDATE_PRODUCT = YES;
			};
			name = Release;
		};
		UC0900000000000000000003 /* Debug */ = {
			isa = XCBuildConfiguration;
			buildSettings = {
				ASSETCATALOG_COMPILER_APPICON_NAME = AppIcon;
				CODE_SIGN_STYLE = Automatic;
				CURRENT_PROJECT_VERSION = 1;
				DEVELOPMENT_TEAM = F5P5CQ5HH9;
				GENERATE_INFOPLIST_FILE = NO;
				INFOPLIST_FILE = Unicorns/Resources/Info.plist;
				INFOPLIST_KEY_CFBundleDisplayName = Unicorns;
				INFOPLIST_KEY_UIApplicationSceneManifest_Generation = YES;
				INFOPLIST_KEY_UIApplicationSupportsIndirectInputEvents = YES;
				INFOPLIST_KEY_UIStatusBarStyle = "";
				LD_RUNPATH_SEARCH_PATHS = (
					"$(inherited)",
					"@executable_path/Frameworks",
				);
				MARKETING_VERSION = 1.0.0;
				PRODUCT_BUNDLE_IDENTIFIER = com.baiteks.Unicorns;
				PRODUCT_NAME = "$(TARGET_NAME)";
				SWIFT_EMIT_LOC_STRINGS = YES;
				SWIFT_VERSION = 5.0;
				TARGETED_DEVICE_FAMILY = "1,2";
			};
			name = Debug;
		};
		UC0900000000000000000004 /* Release */ = {
			isa = XCBuildConfiguration;
			buildSettings = {
				ASSETCATALOG_COMPILER_APPICON_NAME = AppIcon;
				CODE_SIGN_STYLE = Automatic;
				CURRENT_PROJECT_VERSION = 1;
				DEVELOPMENT_TEAM = F5P5CQ5HH9;
				GENERATE_INFOPLIST_FILE = NO;
				INFOPLIST_FILE = Unicorns/Resources/Info.plist;
				INFOPLIST_KEY_CFBundleDisplayName = Unicorns;
				INFOPLIST_KEY_UIApplicationSceneManifest_Generation = YES;
				INFOPLIST_KEY_UIApplicationSupportsIndirectInputEvents = YES;
				INFOPLIST_KEY_UIStatusBarStyle = "";
				LD_RUNPATH_SEARCH_PATHS = (
					"$(inherited)",
					"@executable_path/Frameworks",
				);
				MARKETING_VERSION = 1.0.0;
				PRODUCT_BUNDLE_IDENTIFIER = com.baiteks.Unicorns;
				PRODUCT_NAME = "$(TARGET_NAME)";
				SWIFT_EMIT_LOC_STRINGS = YES;
				SWIFT_VERSION = 5.0;
				TARGETED_DEVICE_FAMILY = "1,2";
			};
			name = Release;
		};
/* End XCBuildConfiguration section */

/* Begin XCConfigurationList section */
		UC0800000000000000000001 /* Build configuration list for PBXProject "Unicorns" */ = {
			isa = XCConfigurationList;
			buildConfigurations = (
				UC0900000000000000000001 /* Debug */,
				UC0900000000000000000002 /* Release */,
			);
			defaultConfigurationIsVisible = 0;
			defaultConfigurationName = Release;
		};
		UC0800000000000000000002 /* Build configuration list for PBXNativeTarget "Unicorns" */ = {
			isa = XCConfigurationList;
			buildConfigurations = (
				UC0900000000000000000003 /* Debug */,
				UC0900000000000000000004 /* Release */,
			);
			defaultConfigurationIsVisible = 0;
			defaultConfigurationName = Release;
		};
/* End XCConfigurationList section */
	};
	rootObject = UC0700000000000000000001 /* Project object */;
}
